{
    "name": "@kayahr/wastelib",
    "version": "0.1.0",
    "lockfileVersion": 3,
    "requires": true,
    "packages": {
        "": {
            "name": "@kayahr/wastelib",
            "version": "0.1.0",
            "license": "MIT",
            "devDependencies": {
                "@kayahr/cspell": "9.3.2-bundle.1",
                "@kayahr/npm-utils": "1.1.1",
                "@kayahr/oxlint-config": "1.20.0",
                "@kayahr/typedoc": "0.28.14-bundle.3",
                "@types/node": "25.2.0",
                "typescript": "5.9.3"
            },
            "funding": {
                "url": "https://github.com/kayahr/wastelib?sponsor=1"
            }
        },
        "node_modules/@kayahr/cspell": {
            "version": "9.3.2-bundle.1",
            "resolved": "https://registry.npmjs.org/@kayahr/cspell/-/cspell-9.3.2-bundle.1.tgz",
            "integrity": "sha512-+JeG1afeuSA0Jf8LTDJVM1fejfdfas6c8JCGSJl/9q4Mzavb/SL/4wj5nEtn5G7oR55S/lBzlgbSjpESxKbVmw==",
            "dev": true,
            "license": "MIT",
            "bin": {
                "cspell": "lib/cspell.js"
            },
            "funding": {
                "url": "https://github.com/kayahr/cspell?sponsor=1"
            }
        },
        "node_modules/@kayahr/npm-utils": {
            "version": "1.1.1",
            "resolved": "https://registry.npmjs.org/@kayahr/npm-utils/-/npm-utils-1.1.1.tgz",
            "integrity": "sha512-7cSe8zhgYsMcolrlmRGpAXO/FkpaIl6fEsdgXKt2OA1ozxByjdPSrjFDMsI3zOaPM0wWulYmlIKhFKVzlW0z4g==",
            "dev": true,
            "license": "MIT",
            "bin": {
                "cp": "lib/main/cp.js",
                "rm": "lib/main/rm.js",
                "run": "lib/main/run.js"
            },
            "engines": {
                "node": ">=22.18.0"
            },
            "funding": {
                "url": "https://github.com/kayahr/npm-utils?sponsor=1"
            }
        },
        "node_modules/@kayahr/oxlint-config": {
            "version": "1.20.0",
            "resolved": "https://registry.npmjs.org/@kayahr/oxlint-config/-/oxlint-config-1.20.0.tgz",
            "integrity": "sha512-Lp/SiNWOftt6YcC1H1YAwYl4N5KsgSl2vxQ6M2h63qDGYApliYYUfOsuCJme0viZN5gG6daJ3kV4e4bUeI03Zg==",
            "dev": true,
            "license": "MIT",
            "dependencies": {
                "oxlint": "^1.48.0",
                "oxlint-tsgolint": "^0.14.0"
            },
            "funding": {
                "url": "https://github.com/kayahr/oxlint-config?sponsor=1"
            }
        },
        "node_modules/@kayahr/typedoc": {
            "version": "0.28.14-bundle.3",
            "resolved": "https://registry.npmjs.org/@kayahr/typedoc/-/typedoc-0.28.14-bundle.3.tgz",
            "integrity": "sha512-Kpq7/Vl7TvrriyM/Rf2JRakNEm7aVGaA7qJLLiUHIvXuUsKK0V/pcIxn5tDjPssBwenuAr06YJCccEhLsKh9wQ==",
            "dev": true,
            "license": "MIT",
            "bin": {
                "typedoc": "lib/bin/cli.js"
            },
            "funding": {
                "url": "https://github.com/kayahr/typedoc?sponsor=1"
            }
        },
        "node_modules/@oxlint-tsgolint/darwin-arm64": {
            "version": "0.14.2",
            "resolved": "https://registry.npmjs.org/@oxlint-tsgolint/darwin-arm64/-/darwin-arm64-0.14.2.tgz",
            "integrity": "sha512-03WxIXguCXf1pTmoG2C6vqRcbrU9GaJCW6uTIiQdIQq4BrJnVWZv99KEUQQRkuHK78lOLa9g7B4K58NcVcB54g==",
            "cpu": [
                "arm64"
            ],
            "dev": true,
            "license": "MIT",
            "optional": true,
            "os": [
                "darwin"
            ]
        },
        "node_modules/@oxlint-tsgolint/darwin-x64": {
            "version": "0.14.2",
            "resolved": "https://registry.npmjs.org/@oxlint-tsgolint/darwin-x64/-/darwin-x64-0.14.2.tgz",
            "integrity": "sha512-ksMLl1cIWz3Jw+U79BhyCPdvohZcJ/xAKri5bpT6oeEM2GVnQCHBk/KZKlYrd7hZUTxz0sLnnKHE11XFnLASNQ==",
            "cpu": [
                "x64"
            ],
            "dev": true,
            "license": "MIT",
            "optional": true,
            "os": [
                "darwin"
            ]
        },
        "node_modules/@oxlint-tsgolint/linux-arm64": {
            "version": "0.14.2",
            "resolved": "https://registry.npmjs.org/@oxlint-tsgolint/linux-arm64/-/linux-arm64-0.14.2.tgz",
            "integrity": "sha512-2BgR535w7GLxBCyQD5DR3dBzbAgiBbG5QX1kAEVzOmWxJhhGxt5lsHdHebRo7ilukYLpBDkerz0mbMErblghCQ==",
            "cpu": [
                "arm64"
            ],
            "dev": true,
            "license": "MIT",
            "optional": true,
            "os": [
                "linux"
            ]
        },
        "node_modules/@oxlint-tsgolint/linux-x64": {
            "version": "0.14.2",
            "resolved": "https://registry.npmjs.org/@oxlint-tsgolint/linux-x64/-/linux-x64-0.14.2.tgz",
            "integrity": "sha512-TUHFyVHfbbGtnTQZbUFgwvv3NzXBgzNLKdMUJw06thpiC7u5OW5qdk4yVXIC/xeVvdl3NAqTfcT4sA32aiMubg==",
            "cpu": [
                "x64"
            ],
            "dev": true,
            "license": "MIT",
            "optional": true,
            "os": [
                "linux"
            ]
        },
        "node_modules/@oxlint-tsgolint/win32-arm64": {
            "version": "0.14.2",
            "resolved": "https://registry.npmjs.org/@oxlint-tsgolint/win32-arm64/-/win32-arm64-0.14.2.tgz",
            "integrity": "sha512-OfYHa/irfVggIFEC4TbawsI7Hwrttppv//sO/e00tu4b2QRga7+VHAwtCkSFWSr0+BsO4InRYVA0+pun5BinpQ==",
            "cpu": [
                "arm64"
            ],
            "dev": true,
            "license": "MIT",
            "optional": true,
            "os": [
                "win32"
            ]
        },
        "node_modules/@oxlint-tsgolint/win32-x64": {
            "version": "0.14.2",
            "resolved": "https://registry.npmjs.org/@oxlint-tsgolint/win32-x64/-/win32-x64-0.14.2.tgz",
            "integrity": "sha512-5gxwbWYE2pP+pzrO4SEeYvLk4N609eAe18rVXUx+en3qtHBkU8VM2jBmMcZdIHn+G05leu4pYvwAvw6tvT9VbA==",
            "cpu": [
                "x64"
            ],
            "dev": true,
            "license": "MIT",
            "optional": true,
            "os": [
                "win32"
            ]
        },
        "node_modules/@oxlint/binding-android-arm-eabi": {
            "version": "1.50.0",
            "resolved": "https://registry.npmjs.org/@oxlint/binding-android-arm-eabi/-/binding-android-arm-eabi-1.50.0.tgz",
            "integrity": "sha512-G7MRGk/6NCe+L8ntonRdZP7IkBfEpiZ/he3buLK6JkLgMHgJShXZ+BeOwADmspXez7U7F7L1Anf4xLSkLHiGTg==",
            "cpu": [
                "arm"
            ],
            "dev": true,
            "license": "MIT",
            "optional": true,
            "os": [
                "android"
            ],
            "engines": {
                "node": "^20.19.0 || >=22.12.0"
            }
        },
        "node_modules/@oxlint/binding-android-arm64": {
            "version": "1.50.0",
            "resolved": "https://registry.npmjs.org/@oxlint/binding-android-arm64/-/binding-android-arm64-1.50.0.tgz",
            "integrity": "sha512-GeSuMoJWCVpovJi/e3xDSNgjeR8WEZ6MCXL6EtPiCIM2NTzv7LbflARINTXTJy2oFBYyvdf/l2PwHzYo6EdXvg==",
            "cpu": [
                "arm64"
            ],
            "dev": true,
            "license": "MIT",
            "optional": true,
            "os": [
                "android"
            ],
            "engines": {
                "node": "^20.19.0 || >=22.12.0"
            }
        },
        "node_modules/@oxlint/binding-darwin-arm64": {
            "version": "1.50.0",
            "resolved": "https://registry.npmjs.org/@oxlint/binding-darwin-arm64/-/binding-darwin-arm64-1.50.0.tgz",
            "integrity": "sha512-w3SY5YtxGnxCHPJ8Twl3KmS9oja1gERYk3AMoZ7Hv8P43ZtB6HVfs02TxvarxfL214Tm3uzvc2vn+DhtUNeKnw==",
            "cpu": [
                "arm64"
            ],
            "dev": true,
            "license": "MIT",
            "optional": true,
            "os": [
                "darwin"
            ],
            "engines": {
                "node": "^20.19.0 || >=22.12.0"
            }
        },
        "node_modules/@oxlint/binding-darwin-x64": {
            "version": "1.50.0",
            "resolved": "https://registry.npmjs.org/@oxlint/binding-darwin-x64/-/binding-darwin-x64-1.50.0.tgz",
            "integrity": "sha512-hNfogDqy7tvmllXKBSlHo6k5x7dhTUVOHbMSE15CCAcXzmqf5883aPvBYPOq9AE7DpDUQUZ1kVE22YbiGW+tuw==",
            "cpu": [
                "x64"
            ],
            "dev": true,
            "license": "MIT",
            "optional": true,
            "os": [
                "darwin"
            ],
            "engines": {
                "node": "^20.19.0 || >=22.12.0"
            }
        },
        "node_modules/@oxlint/binding-freebsd-x64": {
            "version": "1.50.0",
            "resolved": "https://registry.npmjs.org/@oxlint/binding-freebsd-x64/-/binding-freebsd-x64-1.50.0.tgz",
            "integrity": "sha512-ykZevOWEyu0nsxolA911ucxpEv0ahw8jfEeGWOwwb/VPoE4xoexuTOAiPNlWZNJqANlJl7yp8OyzCtXTUAxotw==",
            "cpu": [
                "x64"
            ],
            "dev": true,
            "license": "MIT",
            "optional": true,
            "os": [
                "freebsd"
            ],
            "engines": {
                "node": "^20.19.0 || >=22.12.0"
            }
        },
        "node_modules/@oxlint/binding-linux-arm-gnueabihf": {
            "version": "1.50.0",
            "resolved": "https://registry.npmjs.org/@oxlint/binding-linux-arm-gnueabihf/-/binding-linux-arm-gnueabihf-1.50.0.tgz",
            "integrity": "sha512-hif3iDk7vo5GGJ4OLCCZAf2vjnU9FztGw4L0MbQL0M2iY9LKFtDMMiQAHmkF0PQGQMVbTYtPdXCLKVgdkiqWXQ==",
            "cpu": [
                "arm"
            ],
            "dev": true,
            "license": "MIT",
            "optional": true,
            "os": [
                "linux"
            ],
            "engines": {
                "node": "^20.19.0 || >=22.12.0"
            }
        },
        "node_modules/@oxlint/binding-linux-arm-musleabihf": {
            "version": "1.50.0",
            "resolved": "https://registry.npmjs.org/@oxlint/binding-linux-arm-musleabihf/-/binding-linux-arm-musleabihf-1.50.0.tgz",
            "integrity": "sha512-dVp9iSssiGAnTNey2Ruf6xUaQhdnvcFOJyRWd/mu5o2jVbFK15E5fbWGeFRfmuobu5QXuROtFga44+7DOS3PLg==",
            "cpu": [
                "arm"
            ],
            "dev": true,
            "license": "MIT",
            "optional": true,
            "os": [
                "linux"
            ],
            "engines": {
                "node": "^20.19.0 || >=22.12.0"
            }
        },
        "node_modules/@oxlint/binding-linux-arm64-gnu": {
            "version": "1.50.0",
            "resolved": "https://registry.npmjs.org/@oxlint/binding-linux-arm64-gnu/-/binding-linux-arm64-gnu-1.50.0.tgz",
            "integrity": "sha512-1cT7yz2HA910CKA9NkH1ZJo50vTtmND2fkoW1oyiSb0j6WvNtJ0Wx2zoySfXWc/c+7HFoqRK5AbEoL41LOn9oA==",
            "cpu": [
                "arm64"
            ],
            "dev": true,
            "license": "MIT",
            "optional": true,
            "os": [
                "linux"
            ],
            "engines": {
                "node": "^20.19.0 || >=22.12.0"
            }
        },
        "node_modules/@oxlint/binding-linux-arm64-musl": {
            "version": "1.50.0",
            "resolved": "https://registry.npmjs.org/@oxlint/binding-linux-arm64-musl/-/binding-linux-arm64-musl-1.50.0.tgz",
            "integrity": "sha512-++B3k/HEPFVlj89cOz8kWfQccMZB/aWL9AhsW7jPIkG++63Mpwb2cE9XOEsd0PATbIan78k2Gky+09uWM1d/gQ==",
            "cpu": [
                "arm64"
            ],
            "dev": true,
            "license": "MIT",
            "optional": true,
            "os": [
                "linux"
            ],
            "engines": {
                "node": "^20.19.0 || >=22.12.0"
            }
        },
        "node_modules/@oxlint/binding-linux-ppc64-gnu": {
            "version": "1.50.0",
            "resolved": "https://registry.npmjs.org/@oxlint/binding-linux-ppc64-gnu/-/binding-linux-ppc64-gnu-1.50.0.tgz",
            "integrity": "sha512-Z9b/KpFMkx66w3gVBqjIC1AJBTZAGoI9+U+K5L4QM0CB/G0JSNC1es9b3Y0Vcrlvtdn8A+IQTkYjd/Q0uCSaZw==",
            "cpu": [
                "ppc64"
            ],
            "dev": true,
            "license": "MIT",
            "optional": true,
            "os": [
                "linux"
            ],
            "engines": {
                "node": "^20.19.0 || >=22.12.0"
            }
        },
        "node_modules/@oxlint/binding-linux-riscv64-gnu": {
            "version": "1.50.0",
            "resolved": "https://registry.npmjs.org/@oxlint/binding-linux-riscv64-gnu/-/binding-linux-riscv64-gnu-1.50.0.tgz",
            "integrity": "sha512-jvmuIw8wRSohsQlFNIST5uUwkEtEJmOQYr33bf/K2FrFPXHhM4KqGekI3ShYJemFS/gARVacQFgBzzJKCAyJjg==",
            "cpu": [
                "riscv64"
            ],
            "dev": true,
            "license": "MIT",
            "optional": true,
            "os": [
                "linux"
            ],
            "engines": {
                "node": "^20.19.0 || >=22.12.0"
            }
        },
        "node_modules/@oxlint/binding-linux-riscv64-musl": {
            "version": "1.50.0",
            "resolved": "https://registry.npmjs.org/@oxlint/binding-linux-riscv64-musl/-/binding-linux-riscv64-musl-1.50.0.tgz",
            "integrity": "sha512-x+UrN47oYNh90nmAAyql8eQaaRpHbDPu5guasDg10+OpszUQ3/1+1J6zFMmV4xfIEgTcUXG/oI5fxJhF4eWCNA==",
            "cpu": [
                "riscv64"
            ],
            "dev": true,
            "license": "MIT",
            "optional": true,
            "os": [
                "linux"
            ],
            "engines": {
                "node": "^20.19.0 || >=22.12.0"
            }
        },
        "node_modules/@oxlint/binding-linux-s390x-gnu": {
            "version": "1.50.0",
            "resolved": "https://registry.npmjs.org/@oxlint/binding-linux-s390x-gnu/-/binding-linux-s390x-gnu-1.50.0.tgz",
            "integrity": "sha512-i/JLi2ljLUIVfekMj4ISmdt+Hn11wzYUdRRrkVUYsCWw7zAy5xV7X9iA+KMyM156LTFympa7s3oKBjuCLoTAUQ==",
            "cpu": [
                "s390x"
            ],
            "dev": true,
            "license": "MIT",
            "optional": true,
            "os": [
                "linux"
            ],
            "engines": {
                "node": "^20.19.0 || >=22.12.0"
            }
        },
        "node_modules/@oxlint/binding-linux-x64-gnu": {
            "version": "1.50.0",
            "resolved": "https://registry.npmjs.org/@oxlint/binding-linux-x64-gnu/-/binding-linux-x64-gnu-1.50.0.tgz",
            "integrity": "sha512-/C7brhn6c6UUPccgSPCcpLQXcp+xKIW/3sji/5VZ8/OItL3tQ2U7KalHz887UxxSQeEOmd1kY6lrpuwFnmNqOA==",
            "cpu": [
                "x64"
            ],
            "dev": true,
            "license": "MIT",
            "optional": true,
            "os": [
                "linux"
            ],
            "engines": {
                "node": "^20.19.0 || >=22.12.0"
            }
        },
        "node_modules/@oxlint/binding-linux-x64-musl": {
            "version": "1.50.0",
            "resolved": "https://registry.npmjs.org/@oxlint/binding-linux-x64-musl/-/binding-linux-x64-musl-1.50.0.tgz",
            "integrity": "sha512-oDR1f+bGOYU8LfgtEW8XtotWGB63ghtcxk5Jm6IDTCk++rTA/IRMsjOid2iMd+1bW+nP9Mdsmcdc7VbPD3+iyQ==",
            "cpu": [
                "x64"
            ],
            "dev": true,
            "license": "MIT",
            "optional": true,
            "os": [
                "linux"
            ],
            "engines": {
                "node": "^20.19.0 || >=22.12.0"
            }
        },
        "node_modules/@oxlint/binding-openharmony-arm64": {
            "version": "1.50.0",
            "resolved": "https://registry.npmjs.org/@oxlint/binding-openharmony-arm64/-/binding-openharmony-arm64-1.50.0.tgz",
            "integrity": "sha512-4CmRGPp5UpvXyu4jjP9Tey/SrXDQLRvZXm4pb4vdZBxAzbFZkCyh0KyRy4txld/kZKTJlW4TO8N1JKrNEk+mWw==",
            "cpu": [
                "arm64"
            ],
            "dev": true,
            "license": "MIT",
            "optional": true,
            "os": [
                "openharmony"
            ],
            "engines": {
                "node": "^20.19.0 || >=22.12.0"
            }
        },
        "node_modules/@oxlint/binding-win32-arm64-msvc": {
            "version": "1.50.0",
            "resolved": "https://registry.npmjs.org/@oxlint/binding-win32-arm64-msvc/-/binding-win32-arm64-msvc-1.50.0.tgz",
            "integrity": "sha512-Fq0M6vsGcFsSfeuWAACDhd5KJrO85ckbEfe1EGuBj+KPyJz7KeWte2fSFrFGmNKNXyhEMyx4tbgxiWRujBM2KQ==",
            "cpu": [
                "arm64"
            ],
            "dev": true,
            "license": "MIT",
            "optional": true,
            "os": [
                "win32"
            ],
            "engines": {
                "node": "^20.19.0 || >=22.12.0"
            }
        },
        "node_modules/@oxlint/binding-win32-ia32-msvc": {
            "version": "1.50.0",
            "resolved": "https://registry.npmjs.org/@oxlint/binding-win32-ia32-msvc/-/binding-win32-ia32-msvc-1.50.0.tgz",
            "integrity": "sha512-qTdWR9KwY/vxJGhHVIZG2eBOhidOQvOwzDxnX+jhW/zIVacal1nAhR8GLkiywW8BIFDkQKXo/zOfT+/DY+ns/w==",
            "cpu": [
                "ia32"
            ],
            "dev": true,
            "license": "MIT",
            "optional": true,
            "os": [
                "win32"
            ],
            "engines": {
                "node": "^20.19.0 || >=22.12.0"
            }
        },
        "node_modules/@oxlint/binding-win32-x64-msvc": {
            "version": "1.50.0",
            "resolved": "https://registry.npmjs.org/@oxlint/binding-win32-x64-msvc/-/binding-win32-x64-msvc-1.50.0.tgz",
            "integrity": "sha512-682t7npLC4G2Ca+iNlI9fhAKTcFPYYXJjwoa88H4q+u5HHHlsnL/gHULapX3iqp+A8FIJbgdylL5KMYo2LaluQ==",
            "cpu": [
                "x64"
            ],
            "dev": true,
            "license": "MIT",
            "optional": true,
            "os": [
                "win32"
            ],
            "engines": {
                "node": "^20.19.0 || >=22.12.0"
            }
        },
        "node_modules/@types/node": {
            "version": "25.2.0",
            "resolved": "https://registry.npmjs.org/@types/node/-/node-25.2.0.tgz",
            "integrity": "sha512-DZ8VwRFUNzuqJ5khrvwMXHmvPe+zGayJhr2CDNiKB1WBE1ST8Djl00D0IC4vvNmHMdj6DlbYRIaFE7WHjlDl5w==",
            "dev": true,
            "license": "MIT",
            "dependencies": {
                "undici-types": "~7.16.0"
            }
        },
        "node_modules/oxlint": {
            "version": "1.50.0",
            "resolved": "https://registry.npmjs.org/oxlint/-/oxlint-1.50.0.tgz",
            "integrity": "sha512-iSJ4IZEICBma8cZX7kxIIz9PzsYLF2FaLAYN6RKu7VwRVKdu7RIgpP99bTZaGl//Yao7fsaGZLSEo5xBrI5ReQ==",
            "dev": true,
            "license": "MIT",
            "bin": {
                "oxlint": "bin/oxlint"
            },
            "engines": {
                "node": "^20.19.0 || >=22.12.0"
            },
            "funding": {
                "url": "https://github.com/sponsors/Boshen"
            },
            "optionalDependencies": {
                "@oxlint/binding-android-arm-eabi": "1.50.0",
                "@oxlint/binding-android-arm64": "1.50.0",
                "@oxlint/binding-darwin-arm64": "1.50.0",
                "@oxlint/binding-darwin-x64": "1.50.0",
                "@oxlint/binding-freebsd-x64": "1.50.0",
                "@oxlint/binding-linux-arm-gnueabihf": "1.50.0",
                "@oxlint/binding-linux-arm-musleabihf": "1.50.0",
                "@oxlint/binding-linux-arm64-gnu": "1.50.0",
                "@oxlint/binding-linux-arm64-musl": "1.50.0",
                "@oxlint/binding-linux-ppc64-gnu": "1.50.0",
                "@oxlint/binding-linux-riscv64-gnu": "1.50.0",
                "@oxlint/binding-linux-riscv64-musl": "1.50.0",
                "@oxlint/binding-linux-s390x-gnu": "1.50.0",
                "@oxlint/binding-linux-x64-gnu": "1.50.0",
                "@oxlint/binding-linux-x64-musl": "1.50.0",
                "@oxlint/binding-openharmony-arm64": "1.50.0",
                "@oxlint/binding-win32-arm64-msvc": "1.50.0",
                "@oxlint/binding-win32-ia32-msvc": "1.50.0",
                "@oxlint/binding-win32-x64-msvc": "1.50.0"
            },
            "peerDependencies": {
                "oxlint-tsgolint": ">=0.14.1"
            },
            "peerDependenciesMeta": {
                "oxlint-tsgolint": {
                    "optional": true
                }
            }
        },
        "node_modules/oxlint-tsgolint": {
            "version": "0.14.2",
            "resolved": "https://registry.npmjs.org/oxlint-tsgolint/-/oxlint-tsgolint-0.14.2.tgz",
            "integrity": "sha512-XJsFIQwnYJgXFlNDz2MncQMWYxwnfy4BCy73mdiFN/P13gEZrAfBU4Jmz2XXFf9UG0wPILdi7hYa6t0KmKQLhw==",
            "dev": true,
            "license": "MIT",
            "bin": {
                "tsgolint": "bin/tsgolint.js"
            },
            "optionalDependencies": {
                "@oxlint-tsgolint/darwin-arm64": "0.14.2",
                "@oxlint-tsgolint/darwin-x64": "0.14.2",
                "@oxlint-tsgolint/linux-arm64": "0.14.2",
                "@oxlint-tsgolint/linux-x64": "0.14.2",
                "@oxlint-tsgolint/win32-arm64": "0.14.2",
                "@oxlint-tsgolint/win32-x64": "0.14.2"
            }
        },
        "node_modules/typescript": {
            "version": "5.9.3",
            "resolved": "https://registry.npmjs.org/typescript/-/typescript-5.9.3.tgz",
            "integrity": "sha512-jl1vZzPDinLr9eUt3J/t7V6FgNEw9QjvBPdysz9KfQDD41fQrC2Y4vKQdiaUpFT4bXlb1RHhLpp8wtm6M5TgSw==",
            "dev": true,
            "license": "Apache-2.0",
            "bin": {
                "tsc": "bin/tsc",
                "tsserver": "bin/tsserver"
            },
            "engines": {
                "node": ">=14.17"
            }
        },
        "node_modules/undici-types": {
            "version": "7.16.0",
            "resolved": "https://registry.npmjs.org/undici-types/-/undici-types-7.16.0.tgz",
            "integrity": "sha512-Zz+aZWSj8LE6zoxD+xrjh4VfkIG8Ya6LvYkZqtUQGJPZjYl53ypCaUwWqo7eI0x66KBGeRo+mlBEkMSeSZ38Nw==",
            "dev": true,
            "license": "MIT"
        }
    }
}
